
Microsoft Visual Studio Solution File, Format Version 12.00
# Visual Studio Version 17
VisualStudioVersion = 17.8.34330.188
MinimumVisualStudioVersion = 10.0.40219.1
Project("{FAE04EC0-301F-11D3-BF4B-00C04F79EFBC}") = "hc-backend", "hc-backend.csproj", "{827167E9-D322-4973-A425-D8E6A70C61E3}"
EndProject
Global
	GlobalSection(SolutionConfigurationPlatforms) = preSolution
		Debug|Any CPU = Debug|Any CPU
		Release|Any CPU = Release|Any CPU
	EndGlobalSection
	GlobalSection(ProjectConfigurationPlatforms) = postSolution
		{827167E9-D322-4973-A425-D8E6A70C61E3}.Debug|Any CPU.ActiveCfg = Debug|Any CPU
		{827167E9-D322-4973-A425-D8E6A70C61E3}.Debug|Any CPU.Build.0 = Debug|Any CPU
		{827167E9-D322-4973-A425-D8E6A70C61E3}.Release|Any CPU.ActiveCfg = Release|Any CPU
		{827167E9-D322-4973-A425-D8E6A70C61E3}.Release|Any CPU.Build.0 = Release|Any CPU
	EndGlobalSection
	GlobalSection(SolutionProperties) = preSolution
		HideSolutionNode = FALSE
	EndGlobalSection
	GlobalSection(ExtensibilityGlobals) = postSolution
		SolutionGuid = {0F01360F-E061-4A21-B8C7-E609B70F57C5}
	EndGlobalSection
EndGlobal
